
Microsoft Visual Studio Solution File, Format Version 12.00
# Visual Studio Version 16
VisualStudioVersion = 16.0.29613.14
MinimumVisualStudioVersion = 10.0.40219.1
Project("{FAE04EC0-301F-11D3-BF4B-00C04F79EFBC}") = "LV 7", "LV 7.csproj", "{FF37411B-AFAF-40FB-9ABE-DBA3BE5B7A13}"
EndProject
Global
	GlobalSection(SolutionConfigurationPlatforms) = preSolution
		Debug|Any CPU = Debug|Any CPU
		Release|Any CPU = Release|Any CPU
	EndGlobalSection
	GlobalSection(ProjectConfigurationPlatforms) = postSolution
		{FF37411B-AFAF-40FB-9ABE-DBA3BE5B7A13}.Debug|Any CPU.ActiveCfg = Debug|Any CPU
		{FF37411B-AFAF-40FB-9ABE-DBA3BE5B7A13}.Debug|Any CPU.Build.0 = Debug|Any CPU
		{FF37411B-AFAF-40FB-9ABE-DBA3BE5B7A13}.Release|Any CPU.ActiveCfg = Release|Any CPU
		{FF37411B-AFAF-40FB-9ABE-DBA3BE5B7A13}.Release|Any CPU.Build.0 = Release|Any CPU
	EndGlobalSection
	GlobalSection(SolutionProperties) = preSolution
		HideSolutionNode = FALSE
	EndGlobalSection
	GlobalSection(ExtensibilityGlobals) = postSolution
		SolutionGuid = {BB21A801-9991-49B3-9980-F868BED16ACD}
	EndGlobalSection
EndGlobal
