
Microsoft Visual Studio Solution File, Format Version 12.00
# Visual Studio Version 16
VisualStudioVersion = 16.0.29613.14
MinimumVisualStudioVersion = 10.0.40219.1
Project("{FAE04EC0-301F-11D3-BF4B-00C04F79EFBC}") = "LV4", "LV4.csproj", "{AEA20599-5B93-426F-981E-F6F44E97830A}"
EndProject
Global
	GlobalSection(SolutionConfigurationPlatforms) = preSolution
		Debug|Any CPU = Debug|Any CPU
		Release|Any CPU = Release|Any CPU
	EndGlobalSection
	GlobalSection(ProjectConfigurationPlatforms) = postSolution
		{AEA20599-5B93-426F-981E-F6F44E97830A}.Debug|Any CPU.ActiveCfg = Debug|Any CPU
		{AEA20599-5B93-426F-981E-F6F44E97830A}.Debug|Any CPU.Build.0 = Debug|Any CPU
		{AEA20599-5B93-426F-981E-F6F44E97830A}.Release|Any CPU.ActiveCfg = Release|Any CPU
		{AEA20599-5B93-426F-981E-F6F44E97830A}.Release|Any CPU.Build.0 = Release|Any CPU
	EndGlobalSection
	GlobalSection(SolutionProperties) = preSolution
		HideSolutionNode = FALSE
	EndGlobalSection
	GlobalSection(ExtensibilityGlobals) = postSolution
		SolutionGuid = {DC10427A-35D1-4ABA-A9D4-D4DBF7410E63}
	EndGlobalSection
EndGlobal
